
Microsoft Visual Studio Solution File, Format Version 12.00
# Visual Studio 15
VisualStudioVersion = 15.0.27130.2020
MinimumVisualStudioVersion = 10.0.40219.1
Project("{FAE04EC0-301F-11D3-BF4B-00C04F79EFBC}") = "Threading_and_SR_1", "Threading_and_SR_1\Threading_and_SR_1.csproj", "{03FF05BE-58DF-4BCA-9838-7AB875C35DCC}"
EndProject
Global
	GlobalSection(SolutionConfigurationPlatforms) = preSolution
		Debug|Any CPU = Debug|Any CPU
		Release|Any CPU = Release|Any CPU
	EndGlobalSection
	GlobalSection(ProjectConfigurationPlatforms) = postSolution
		{03FF05BE-58DF-4BCA-9838-7AB875C35DCC}.Debug|Any CPU.ActiveCfg = Debug|Any CPU
		{03FF05BE-58DF-4BCA-9838-7AB875C35DCC}.Debug|Any CPU.Build.0 = Debug|Any CPU
		{03FF05BE-58DF-4BCA-9838-7AB875C35DCC}.Release|Any CPU.ActiveCfg = Release|Any CPU
		{03FF05BE-58DF-4BCA-9838-7AB875C35DCC}.Release|Any CPU.Build.0 = Release|Any CPU
	EndGlobalSection
	GlobalSection(SolutionProperties) = preSolution
		HideSolutionNode = FALSE
	EndGlobalSection
	GlobalSection(ExtensibilityGlobals) = postSolution
		SolutionGuid = {A8BC61B8-A510-4A2F-A506-F7A77DCBEB68}
	EndGlobalSection
EndGlobal
